
Microsoft Visual Studio Solution File, Format Version 12.00
# Visual Studio Version 17
VisualStudioVersion = 17.11.35327.3
MinimumVisualStudioVersion = 10.0.40219.1
Project("{FAE04EC0-301F-11D3-BF4B-00C04F79EFBC}") = "Task1", "Task1.csproj", "{DE52220C-4496-4C19-A92B-3D87D7F85E23}"
EndProject
Project("{FAE04EC0-301F-11D3-BF4B-00C04F79EFBC}") = "Task2", "Task2\Task2.csproj", "{C640B851-0CB5-4411-8881-89A040D8C3E1}"
EndProject
Project("{FAE04EC0-301F-11D3-BF4B-00C04F79EFBC}") = "Task3", "Task3\Task3.csproj", "{97B49393-494C-4266-AF42-50D9E6C93FC4}"
EndProject
Global
	GlobalSection(SolutionConfigurationPlatforms) = preSolution
		Debug|Any CPU = Debug|Any CPU
		Release|Any CPU = Release|Any CPU
	EndGlobalSection
	GlobalSection(ProjectConfigurationPlatforms) = postSolution
		{DE52220C-4496-4C19-A92B-3D87D7F85E23}.Debug|Any CPU.ActiveCfg = Debug|Any CPU
		{DE52220C-4496-4C19-A92B-3D87D7F85E23}.Debug|Any CPU.Build.0 = Debug|Any CPU
		{DE52220C-4496-4C19-A92B-3D87D7F85E23}.Release|Any CPU.ActiveCfg = Release|Any CPU
		{DE52220C-4496-4C19-A92B-3D87D7F85E23}.Release|Any CPU.Build.0 = Release|Any CPU
		{C640B851-0CB5-4411-8881-89A040D8C3E1}.Debug|Any CPU.ActiveCfg = Debug|Any CPU
		{C640B851-0CB5-4411-8881-89A040D8C3E1}.Debug|Any CPU.Build.0 = Debug|Any CPU
		{C640B851-0CB5-4411-8881-89A040D8C3E1}.Release|Any CPU.ActiveCfg = Release|Any CPU
		{C640B851-0CB5-4411-8881-89A040D8C3E1}.Release|Any CPU.Build.0 = Release|Any CPU
		{97B49393-494C-4266-AF42-50D9E6C93FC4}.Debug|Any CPU.ActiveCfg = Debug|Any CPU
		{97B49393-494C-4266-AF42-50D9E6C93FC4}.Debug|Any CPU.Build.0 = Debug|Any CPU
		{97B49393-494C-4266-AF42-50D9E6C93FC4}.Release|Any CPU.ActiveCfg = Release|Any CPU
		{97B49393-494C-4266-AF42-50D9E6C93FC4}.Release|Any CPU.Build.0 = Release|Any CPU
	EndGlobalSection
	GlobalSection(SolutionProperties) = preSolution
		HideSolutionNode = FALSE
	EndGlobalSection
	GlobalSection(ExtensibilityGlobals) = postSolution
		SolutionGuid = {272383F8-9A23-47BD-93E9-911B32BAF024}
	EndGlobalSection
EndGlobal
